
Microsoft Visual Studio Solution File, Format Version 12.00
# Visual Studio Version 16
VisualStudioVersion = 16.0.29519.181
MinimumVisualStudioVersion = 10.0.40219.1
Project("{9A19103F-16F7-4668-BE54-9A1E7A4F7556}") = "BasicQueueSender", "BasicQueueSender\BasicQueueSender.csproj", "{C1FB2CEF-86B1-472E-A51E-AAC1E2F9E7B2}"
EndProject
Project("{9A19103F-16F7-4668-BE54-9A1E7A4F7556}") = "BasicQueueListener", "BasicQueueListener\BasicQueueListener.csproj", "{80EC37BA-6D66-4C56-BAE4-B1F9CA869BEC}"
EndProject
Project("{2150E333-8FDC-42A3-9474-1A3956D46DE8}") = "1. AsyncQueue", "1. AsyncQueue", "{3C2656E7-02D2-4904-B5D5-BB1B9262D5B3}"
EndProject
Project("{2150E333-8FDC-42A3-9474-1A3956D46DE8}") = "3. SyncQueue", "3. SyncQueue", "{0A55EE88-6066-47A5-9B05-7463D3AA5FB5}"
EndProject
Project("{2150E333-8FDC-42A3-9474-1A3956D46DE8}") = "2. AsyncPubSub", "2. AsyncPubSub", "{9C1763FD-1DC2-46DF-BB1F-CE4D7997DFEE}"
EndProject
Project("{9A19103F-16F7-4668-BE54-9A1E7A4F7556}") = "BasicPublisher", "BasicPublisher\BasicPublisher.csproj", "{0A6B3AF4-40CA-4D08-BFE7-E9DD7DFB5CB9}"
EndProject
Project("{9A19103F-16F7-4668-BE54-9A1E7A4F7556}") = "BasicSubscriber", "BasicSubscriber\BasicSubscriber.csproj", "{2D13D2CA-C66D-47EE-804B-B9C6C6AECE68}"
EndProject
Project("{9A19103F-16F7-4668-BE54-9A1E7A4F7556}") = "MTSyncQueueListener", "MTSyncQueueListener\MTSyncQueueListener.csproj", "{F5CB4DF5-08FC-4EDD-9D0E-A7B7CED52C0D}"
EndProject
Project("{9A19103F-16F7-4668-BE54-9A1E7A4F7556}") = "MTSyncQueueSender", "MTSyncQueueSender\MTSyncQueueSender.csproj", "{8EB66FB0-1C96-4AB0-A6F9-5BA2AC06DE6E}"
EndProject
Project("{9A19103F-16F7-4668-BE54-9A1E7A4F7556}") = "MTCommonContract", "MTCommonContract\MTCommonContract.csproj", "{8AFDC4BE-0B0D-4B86-929E-5340093AEAAF}"
EndProject
Project("{9A19103F-16F7-4668-BE54-9A1E7A4F7556}") = "MTPublisher", "MTPublisher\MTPublisher.csproj", "{613AC318-8B03-49F8-B2F6-74991772E125}"
EndProject
Project("{9A19103F-16F7-4668-BE54-9A1E7A4F7556}") = "MTSubscriber", "MTSubscriber\MTSubscriber.csproj", "{02168968-8601-4BF6-AEB0-C0A244D299E2}"
EndProject
Project("{9A19103F-16F7-4668-BE54-9A1E7A4F7556}") = "MTQueueTest", "MTQueueTest\MTQueueTest.csproj", "{D278A7E3-EC6C-49CE-9574-BC00A4F82CC1}"
EndProject
Global
	GlobalSection(SolutionConfigurationPlatforms) = preSolution
		Debug|Any CPU = Debug|Any CPU
		Release|Any CPU = Release|Any CPU
	EndGlobalSection
	GlobalSection(ProjectConfigurationPlatforms) = postSolution
		{C1FB2CEF-86B1-472E-A51E-AAC1E2F9E7B2}.Debug|Any CPU.ActiveCfg = Debug|Any CPU
		{C1FB2CEF-86B1-472E-A51E-AAC1E2F9E7B2}.Debug|Any CPU.Build.0 = Debug|Any CPU
		{C1FB2CEF-86B1-472E-A51E-AAC1E2F9E7B2}.Release|Any CPU.ActiveCfg = Release|Any CPU
		{C1FB2CEF-86B1-472E-A51E-AAC1E2F9E7B2}.Release|Any CPU.Build.0 = Release|Any CPU
		{80EC37BA-6D66-4C56-BAE4-B1F9CA869BEC}.Debug|Any CPU.ActiveCfg = Debug|Any CPU
		{80EC37BA-6D66-4C56-BAE4-B1F9CA869BEC}.Debug|Any CPU.Build.0 = Debug|Any CPU
		{80EC37BA-6D66-4C56-BAE4-B1F9CA869BEC}.Release|Any CPU.ActiveCfg = Release|Any CPU
		{80EC37BA-6D66-4C56-BAE4-B1F9CA869BEC}.Release|Any CPU.Build.0 = Release|Any CPU
		{0A6B3AF4-40CA-4D08-BFE7-E9DD7DFB5CB9}.Debug|Any CPU.ActiveCfg = Debug|Any CPU
		{0A6B3AF4-40CA-4D08-BFE7-E9DD7DFB5CB9}.Debug|Any CPU.Build.0 = Debug|Any CPU
		{0A6B3AF4-40CA-4D08-BFE7-E9DD7DFB5CB9}.Release|Any CPU.ActiveCfg = Release|Any CPU
		{0A6B3AF4-40CA-4D08-BFE7-E9DD7DFB5CB9}.Release|Any CPU.Build.0 = Release|Any CPU
		{2D13D2CA-C66D-47EE-804B-B9C6C6AECE68}.Debug|Any CPU.ActiveCfg = Debug|Any CPU
		{2D13D2CA-C66D-47EE-804B-B9C6C6AECE68}.Debug|Any CPU.Build.0 = Debug|Any CPU
		{2D13D2CA-C66D-47EE-804B-B9C6C6AECE68}.Release|Any CPU.ActiveCfg = Release|Any CPU
		{2D13D2CA-C66D-47EE-804B-B9C6C6AECE68}.Release|Any CPU.Build.0 = Release|Any CPU
		{F5CB4DF5-08FC-4EDD-9D0E-A7B7CED52C0D}.Debug|Any CPU.ActiveCfg = Debug|Any CPU
		{F5CB4DF5-08FC-4EDD-9D0E-A7B7CED52C0D}.Debug|Any CPU.Build.0 = Debug|Any CPU
		{F5CB4DF5-08FC-4EDD-9D0E-A7B7CED52C0D}.Release|Any CPU.ActiveCfg = Release|Any CPU
		{F5CB4DF5-08FC-4EDD-9D0E-A7B7CED52C0D}.Release|Any CPU.Build.0 = Release|Any CPU
		{8EB66FB0-1C96-4AB0-A6F9-5BA2AC06DE6E}.Debug|Any CPU.ActiveCfg = Debug|Any CPU
		{8EB66FB0-1C96-4AB0-A6F9-5BA2AC06DE6E}.Debug|Any CPU.Build.0 = Debug|Any CPU
		{8EB66FB0-1C96-4AB0-A6F9-5BA2AC06DE6E}.Release|Any CPU.ActiveCfg = Release|Any CPU
		{8EB66FB0-1C96-4AB0-A6F9-5BA2AC06DE6E}.Release|Any CPU.Build.0 = Release|Any CPU
		{8AFDC4BE-0B0D-4B86-929E-5340093AEAAF}.Debug|Any CPU.ActiveCfg = Debug|Any CPU
		{8AFDC4BE-0B0D-4B86-929E-5340093AEAAF}.Debug|Any CPU.Build.0 = Debug|Any CPU
		{8AFDC4BE-0B0D-4B86-929E-5340093AEAAF}.Release|Any CPU.ActiveCfg = Release|Any CPU
		{8AFDC4BE-0B0D-4B86-929E-5340093AEAAF}.Release|Any CPU.Build.0 = Release|Any CPU
		{613AC318-8B03-49F8-B2F6-74991772E125}.Debug|Any CPU.ActiveCfg = Debug|Any CPU
		{613AC318-8B03-49F8-B2F6-74991772E125}.Debug|Any CPU.Build.0 = Debug|Any CPU
		{613AC318-8B03-49F8-B2F6-74991772E125}.Release|Any CPU.ActiveCfg = Release|Any CPU
		{613AC318-8B03-49F8-B2F6-74991772E125}.Release|Any CPU.Build.0 = Release|Any CPU
		{02168968-8601-4BF6-AEB0-C0A244D299E2}.Debug|Any CPU.ActiveCfg = Debug|Any CPU
		{02168968-8601-4BF6-AEB0-C0A244D299E2}.Debug|Any CPU.Build.0 = Debug|Any CPU
		{02168968-8601-4BF6-AEB0-C0A244D299E2}.Release|Any CPU.ActiveCfg = Release|Any CPU
		{02168968-8601-4BF6-AEB0-C0A244D299E2}.Release|Any CPU.Build.0 = Release|Any CPU
		{D278A7E3-EC6C-49CE-9574-BC00A4F82CC1}.Debug|Any CPU.ActiveCfg = Debug|Any CPU
		{D278A7E3-EC6C-49CE-9574-BC00A4F82CC1}.Debug|Any CPU.Build.0 = Debug|Any CPU
		{D278A7E3-EC6C-49CE-9574-BC00A4F82CC1}.Release|Any CPU.ActiveCfg = Release|Any CPU
		{D278A7E3-EC6C-49CE-9574-BC00A4F82CC1}.Release|Any CPU.Build.0 = Release|Any CPU
	EndGlobalSection
	GlobalSection(SolutionProperties) = preSolution
		HideSolutionNode = FALSE
	EndGlobalSection
	GlobalSection(NestedProjects) = preSolution
		{C1FB2CEF-86B1-472E-A51E-AAC1E2F9E7B2} = {3C2656E7-02D2-4904-B5D5-BB1B9262D5B3}
		{80EC37BA-6D66-4C56-BAE4-B1F9CA869BEC} = {3C2656E7-02D2-4904-B5D5-BB1B9262D5B3}
		{0A6B3AF4-40CA-4D08-BFE7-E9DD7DFB5CB9} = {9C1763FD-1DC2-46DF-BB1F-CE4D7997DFEE}
		{2D13D2CA-C66D-47EE-804B-B9C6C6AECE68} = {9C1763FD-1DC2-46DF-BB1F-CE4D7997DFEE}
		{F5CB4DF5-08FC-4EDD-9D0E-A7B7CED52C0D} = {0A55EE88-6066-47A5-9B05-7463D3AA5FB5}
		{8EB66FB0-1C96-4AB0-A6F9-5BA2AC06DE6E} = {0A55EE88-6066-47A5-9B05-7463D3AA5FB5}
		{8AFDC4BE-0B0D-4B86-929E-5340093AEAAF} = {0A55EE88-6066-47A5-9B05-7463D3AA5FB5}
		{613AC318-8B03-49F8-B2F6-74991772E125} = {9C1763FD-1DC2-46DF-BB1F-CE4D7997DFEE}
		{02168968-8601-4BF6-AEB0-C0A244D299E2} = {9C1763FD-1DC2-46DF-BB1F-CE4D7997DFEE}
		{D278A7E3-EC6C-49CE-9574-BC00A4F82CC1} = {0A55EE88-6066-47A5-9B05-7463D3AA5FB5}
	EndGlobalSection
	GlobalSection(ExtensibilityGlobals) = postSolution
		SolutionGuid = {23E9217D-C209-4469-B587-A8C42D72B64C}
	EndGlobalSection
EndGlobal
